
Microsoft Visual Studio Solution File, Format Version 12.00
# Visual Studio Version 16
VisualStudioVersion = 16.0.29411.108
MinimumVisualStudioVersion = 10.0.40219.1
Project("{9A19103F-16F7-4668-BE54-9A1E7A4F7556}") = "SpaceStation.Repository", "SpaceStation.Repository\SpaceStation.Repository.csproj", "{90044492-321B-42F4-B1CC-95E398173645}"
EndProject
Project("{9A19103F-16F7-4668-BE54-9A1E7A4F7556}") = "SpaceStation.Models", "SpaceStation.Models\SpaceStation.Models.csproj", "{120CE894-837F-4ECE-88FF-63D74520DE29}"
EndProject
Project("{9A19103F-16F7-4668-BE54-9A1E7A4F7556}") = "SpaceStation.DataAccess", "SpaceStation.DataAccess\SpaceStation.DataAccess.csproj", "{90A02CB4-41F2-4642-AEF9-F459D8A9A08C}"
EndProject
Project("{9A19103F-16F7-4668-BE54-9A1E7A4F7556}") = "SpaceStation.WebApi", "SpaceStation.WebApi\SpaceStation.WebApi.csproj", "{4DE99E85-99C8-4EFD-80BF-BA93865E3FB6}"
EndProject
Project("{FAE04EC0-301F-11D3-BF4B-00C04F79EFBC}") = "SpaceStation.WebApi.Tests", "SpaceStation.WebApi.Tests\SpaceStation.WebApi.Tests.csproj", "{D1E431FB-561A-49AC-9DCA-75AB932C52F8}"
EndProject
Global
	GlobalSection(SolutionConfigurationPlatforms) = preSolution
		Debug|Any CPU = Debug|Any CPU
		Release|Any CPU = Release|Any CPU
	EndGlobalSection
	GlobalSection(ProjectConfigurationPlatforms) = postSolution
		{90044492-321B-42F4-B1CC-95E398173645}.Debug|Any CPU.ActiveCfg = Debug|Any CPU
		{90044492-321B-42F4-B1CC-95E398173645}.Debug|Any CPU.Build.0 = Debug|Any CPU
		{90044492-321B-42F4-B1CC-95E398173645}.Release|Any CPU.ActiveCfg = Release|Any CPU
		{90044492-321B-42F4-B1CC-95E398173645}.Release|Any CPU.Build.0 = Release|Any CPU
		{120CE894-837F-4ECE-88FF-63D74520DE29}.Debug|Any CPU.ActiveCfg = Debug|Any CPU
		{120CE894-837F-4ECE-88FF-63D74520DE29}.Debug|Any CPU.Build.0 = Debug|Any CPU
		{120CE894-837F-4ECE-88FF-63D74520DE29}.Release|Any CPU.ActiveCfg = Release|Any CPU
		{120CE894-837F-4ECE-88FF-63D74520DE29}.Release|Any CPU.Build.0 = Release|Any CPU
		{90A02CB4-41F2-4642-AEF9-F459D8A9A08C}.Debug|Any CPU.ActiveCfg = Debug|Any CPU
		{90A02CB4-41F2-4642-AEF9-F459D8A9A08C}.Debug|Any CPU.Build.0 = Debug|Any CPU
		{90A02CB4-41F2-4642-AEF9-F459D8A9A08C}.Release|Any CPU.ActiveCfg = Release|Any CPU
		{90A02CB4-41F2-4642-AEF9-F459D8A9A08C}.Release|Any CPU.Build.0 = Release|Any CPU
		{4DE99E85-99C8-4EFD-80BF-BA93865E3FB6}.Debug|Any CPU.ActiveCfg = Debug|Any CPU
		{4DE99E85-99C8-4EFD-80BF-BA93865E3FB6}.Debug|Any CPU.Build.0 = Debug|Any CPU
		{4DE99E85-99C8-4EFD-80BF-BA93865E3FB6}.Release|Any CPU.ActiveCfg = Release|Any CPU
		{4DE99E85-99C8-4EFD-80BF-BA93865E3FB6}.Release|Any CPU.Build.0 = Release|Any CPU
		{D1E431FB-561A-49AC-9DCA-75AB932C52F8}.Debug|Any CPU.ActiveCfg = Debug|Any CPU
		{D1E431FB-561A-49AC-9DCA-75AB932C52F8}.Debug|Any CPU.Build.0 = Debug|Any CPU
		{D1E431FB-561A-49AC-9DCA-75AB932C52F8}.Release|Any CPU.ActiveCfg = Release|Any CPU
		{D1E431FB-561A-49AC-9DCA-75AB932C52F8}.Release|Any CPU.Build.0 = Release|Any CPU
	EndGlobalSection
	GlobalSection(SolutionProperties) = preSolution
		HideSolutionNode = FALSE
	EndGlobalSection
	GlobalSection(ExtensibilityGlobals) = postSolution
		SolutionGuid = {6626944B-E4B7-422E-962C-D7F0F1F53FE0}
	EndGlobalSection
EndGlobal
